
Microsoft Visual Studio Solution File, Format Version 12.00
# Visual Studio 2013
VisualStudioVersion = 12.0.31101.0
MinimumVisualStudioVersion = 10.0.40219.1
Project("{FAE04EC0-301F-11D3-BF4B-00C04F79EFBC}") = "King.Route", "King.Route\King.Route.csproj", "{D143F6F1-78A7-4420-B229-31580DBD57CF}"
EndProject
Project("{2150E333-8FDC-42A3-9474-1A3956D46DE8}") = "Solution Items", "Solution Items", "{7432DE5B-013C-4CC4-A0F5-8C63A6C7D41E}"
	ProjectSection(SolutionItems) = preProject
		King.Route.nuspec = King.Route.nuspec
		README.md = README.md
	EndProjectSection
EndProject
Project("{2150E333-8FDC-42A3-9474-1A3956D46DE8}") = "Demo", "Demo", "{27A3DD34-64A5-46E8-944A-6898A13EC138}"
EndProject
Project("{2150E333-8FDC-42A3-9474-1A3956D46DE8}") = "Test", "Test", "{5DCFCBB8-A937-472D-9694-8002C0544BFE}"
EndProject
Project("{FAE04EC0-301F-11D3-BF4B-00C04F79EFBC}") = "King.Route.Unit.Test", "King.Route.Unit.Test\King.Route.Unit.Test.csproj", "{5DCD369A-FF07-4424-8222-4E042D534636}"
EndProject
Project("{FAE04EC0-301F-11D3-BF4B-00C04F79EFBC}") = "King.Route.Demo.MVC", "King.Route.Demo.MVC\King.Route.Demo.MVC.csproj", "{D8A505D8-C80A-46DE-B783-9C05B7E7A8C9}"
EndProject
Global
	GlobalSection(SolutionConfigurationPlatforms) = preSolution
		Debug|Any CPU = Debug|Any CPU
		Release|Any CPU = Release|Any CPU
	EndGlobalSection
	GlobalSection(ProjectConfigurationPlatforms) = postSolution
		{D143F6F1-78A7-4420-B229-31580DBD57CF}.Debug|Any CPU.ActiveCfg = Debug|Any CPU
		{D143F6F1-78A7-4420-B229-31580DBD57CF}.Debug|Any CPU.Build.0 = Debug|Any CPU
		{D143F6F1-78A7-4420-B229-31580DBD57CF}.Release|Any CPU.ActiveCfg = Release|Any CPU
		{D143F6F1-78A7-4420-B229-31580DBD57CF}.Release|Any CPU.Build.0 = Release|Any CPU
		{5DCD369A-FF07-4424-8222-4E042D534636}.Debug|Any CPU.ActiveCfg = Debug|Any CPU
		{5DCD369A-FF07-4424-8222-4E042D534636}.Debug|Any CPU.Build.0 = Debug|Any CPU
		{5DCD369A-FF07-4424-8222-4E042D534636}.Release|Any CPU.ActiveCfg = Release|Any CPU
		{5DCD369A-FF07-4424-8222-4E042D534636}.Release|Any CPU.Build.0 = Release|Any CPU
		{D8A505D8-C80A-46DE-B783-9C05B7E7A8C9}.Debug|Any CPU.ActiveCfg = Debug|Any CPU
		{D8A505D8-C80A-46DE-B783-9C05B7E7A8C9}.Debug|Any CPU.Build.0 = Debug|Any CPU
		{D8A505D8-C80A-46DE-B783-9C05B7E7A8C9}.Release|Any CPU.ActiveCfg = Release|Any CPU
		{D8A505D8-C80A-46DE-B783-9C05B7E7A8C9}.Release|Any CPU.Build.0 = Release|Any CPU
	EndGlobalSection
	GlobalSection(SolutionProperties) = preSolution
		HideSolutionNode = FALSE
	EndGlobalSection
	GlobalSection(NestedProjects) = preSolution
		{5DCD369A-FF07-4424-8222-4E042D534636} = {5DCFCBB8-A937-472D-9694-8002C0544BFE}
		{D8A505D8-C80A-46DE-B783-9C05B7E7A8C9} = {27A3DD34-64A5-46E8-944A-6898A13EC138}
	EndGlobalSection
EndGlobal
